
Microsoft Visual Studio Solution File, Format Version 12.00
# Visual Studio Version 16
VisualStudioVersion = 16.0.29409.12
MinimumVisualStudioVersion = 10.0.40219.1
Project("{9A19103F-16F7-4668-BE54-9A1E7A4F7556}") = "HealthCare.API", "HealthCare.API.csproj", "{238D34B4-2749-45A4-BEDE-D6BE55385F25}"
EndProject
Global
	GlobalSection(SolutionConfigurationPlatforms) = preSolution
		Debug|Any CPU = Debug|Any CPU
		Release|Any CPU = Release|Any CPU
	EndGlobalSection
	GlobalSection(ProjectConfigurationPlatforms) = postSolution
		{238D34B4-2749-45A4-BEDE-D6BE55385F25}.Debug|Any CPU.ActiveCfg = Debug|Any CPU
		{238D34B4-2749-45A4-BEDE-D6BE55385F25}.Debug|Any CPU.Build.0 = Debug|Any CPU
		{238D34B4-2749-45A4-BEDE-D6BE55385F25}.Release|Any CPU.ActiveCfg = Release|Any CPU
		{238D34B4-2749-45A4-BEDE-D6BE55385F25}.Release|Any CPU.Build.0 = Release|Any CPU
	EndGlobalSection
	GlobalSection(SolutionProperties) = preSolution
		HideSolutionNode = FALSE
	EndGlobalSection
	GlobalSection(ExtensibilityGlobals) = postSolution
		SolutionGuid = {32C417B3-88AA-4B4A-B622-5A42DE1717E5}
	EndGlobalSection
EndGlobal
